
Microsoft Visual Studio Solution File, Format Version 12.00
# Visual Studio Version 17
VisualStudioVersion = 17.14.36301.6 d17.14
MinimumVisualStudioVersion = 10.0.40219.1
Project("{FAE04EC0-301F-11D3-BF4B-00C04F79EFBC}") = "LuisCorreiaOsteopata.WEB", "LuisCorreiaOsteopata.WEB\LuisCorreiaOsteopata.WEB.csproj", "{6EC1DED8-B946-4CCA-B493-28B2F6AD9DFF}"
EndProject
Project("{FAE04EC0-301F-11D3-BF4B-00C04F79EFBC}") = "LuisCorreiaOsteopata.Library", "LuisCorreiaOsteopata.Library\LuisCorreiaOsteopata.Library.csproj", "{777FE265-498E-48C8-AC18-2A9B5B395DA0}"
EndProject
Global
	GlobalSection(SolutionConfigurationPlatforms) = preSolution
		Debug|Any CPU = Debug|Any CPU
		Release|Any CPU = Release|Any CPU
	EndGlobalSection
	GlobalSection(ProjectConfigurationPlatforms) = postSolution
		{6EC1DED8-B946-4CCA-B493-28B2F6AD9DFF}.Debug|Any CPU.ActiveCfg = Debug|Any CPU
		{6EC1DED8-B946-4CCA-B493-28B2F6AD9DFF}.Debug|Any CPU.Build.0 = Debug|Any CPU
		{6EC1DED8-B946-4CCA-B493-28B2F6AD9DFF}.Release|Any CPU.ActiveCfg = Release|Any CPU
		{6EC1DED8-B946-4CCA-B493-28B2F6AD9DFF}.Release|Any CPU.Build.0 = Release|Any CPU
		{777FE265-498E-48C8-AC18-2A9B5B395DA0}.Debug|Any CPU.ActiveCfg = Debug|Any CPU
		{777FE265-498E-48C8-AC18-2A9B5B395DA0}.Debug|Any CPU.Build.0 = Debug|Any CPU
		{777FE265-498E-48C8-AC18-2A9B5B395DA0}.Release|Any CPU.ActiveCfg = Release|Any CPU
		{777FE265-498E-48C8-AC18-2A9B5B395DA0}.Release|Any CPU.Build.0 = Release|Any CPU
	EndGlobalSection
	GlobalSection(SolutionProperties) = preSolution
		HideSolutionNode = FALSE
	EndGlobalSection
	GlobalSection(ExtensibilityGlobals) = postSolution
		SolutionGuid = {B41E0CAD-13F4-4269-B1F5-C1465ED9F74C}
	EndGlobalSection
EndGlobal
